
Microsoft Visual Studio Solution File, Format Version 12.00
# Visual Studio Version 17
VisualStudioVersion = 17.0.31903.59
MinimumVisualStudioVersion = 10.0.40219.1
Project("{FAE04EC0-301F-11D3-BF4B-00C04F79EFBC}") = "PDFBuilder.API", "src\PDFBuilder.API\PDFBuilder.API.csproj", "{A1B2C3D4-E5F6-4A5B-8C9D-0E1F2A3B4C5D}"
EndProject
Project("{FAE04EC0-301F-11D3-BF4B-00C04F79EFBC}") = "PDFBuilder.Contracts", "src\PDFBuilder.Contracts\PDFBuilder.Contracts.csproj", "{B2C3D4E5-F6A7-5B6C-9D0E-1F2A3B4C5D6E}"
EndProject
Project("{FAE04EC0-301F-11D3-BF4B-00C04F79EFBC}") = "PDFBuilder.Core", "src\PDFBuilder.Core\PDFBuilder.Core.csproj", "{C3D4E5F6-A7B8-6C7D-0E1F-2A3B4C5D6E7F}"
EndProject
Project("{FAE04EC0-301F-11D3-BF4B-00C04F79EFBC}") = "PDFBuilder.Engine", "src\PDFBuilder.Engine\PDFBuilder.Engine.csproj", "{D4E5F6A7-B8C9-7D8E-1F20-3B4C5D6E7F80}"
EndProject
Project("{FAE04EC0-301F-11D3-BF4B-00C04F79EFBC}") = "PDFBuilder.Infrastructure", "src\PDFBuilder.Infrastructure\PDFBuilder.Infrastructure.csproj", "{E5F6A7B8-C9D0-8E9F-2031-4C5D6E7F8091}"
EndProject
Project("{FAE04EC0-301F-11D3-BF4B-00C04F79EFBC}") = "PDFBuilder.Validation", "src\PDFBuilder.Validation\PDFBuilder.Validation.csproj", "{F6A7B8C9-D0E1-9F00-3142-5D6E7F809102}"
EndProject
Project("{FAE04EC0-301F-11D3-BF4B-00C04F79EFBC}") = "PDFBuilder.UnitTests", "tests\PDFBuilder.UnitTests\PDFBuilder.UnitTests.csproj", "{11112222-3333-4444-5555-666677778888}"
EndProject
Project("{FAE04EC0-301F-11D3-BF4B-00C04F79EFBC}") = "PDFBuilder.IntegrationTests", "tests\PDFBuilder.IntegrationTests\PDFBuilder.IntegrationTests.csproj", "{22223333-4444-5555-6666-777788889999}"
EndProject
Project("{FAE04EC0-301F-11D3-BF4B-00C04F79EFBC}") = "PDFBuilder.TestUtilities", "tests\PDFBuilder.TestUtilities\PDFBuilder.TestUtilities.csproj", "{33334444-5555-6666-7777-888899990000}"
EndProject
Project("{2150E333-8FDC-42A3-9474-1A3956D46DE8}") = "src", "src", "{11111111-1111-1111-1111-111111111111}"
EndProject
Project("{2150E333-8FDC-42A3-9474-1A3956D46DE8}") = "tests", "tests", "{22222222-2222-2222-2222-222222222222}"
EndProject
Project("{2150E333-8FDC-42A3-9474-1A3956D46DE8}") = "docs", "docs", "{33333333-3333-3333-3333-333333333333}"
EndProject
Global
	GlobalSection(SolutionConfigurationPlatforms) = preSolution
		Debug|Any CPU = Debug|Any CPU
		Release|Any CPU = Release|Any CPU
	EndGlobalSection
	GlobalSection(ProjectConfigurationPlatforms) = postSolution
		{A1B2C3D4-E5F6-4A5B-8C9D-0E1F2A3B4C5D}.Debug|Any CPU.ActiveCfg = Debug|Any CPU
		{A1B2C3D4-E5F6-4A5B-8C9D-0E1F2A3B4C5D}.Debug|Any CPU.Build.0 = Debug|Any CPU
		{A1B2C3D4-E5F6-4A5B-8C9D-0E1F2A3B4C5D}.Release|Any CPU.ActiveCfg = Release|Any CPU
		{A1B2C3D4-E5F6-4A5B-8C9D-0E1F2A3B4C5D}.Release|Any CPU.Build.0 = Release|Any CPU
		{B2C3D4E5-F6A7-5B6C-9D0E-1F2A3B4C5D6E}.Debug|Any CPU.ActiveCfg = Debug|Any CPU
		{B2C3D4E5-F6A7-5B6C-9D0E-1F2A3B4C5D6E}.Debug|Any CPU.Build.0 = Debug|Any CPU
		{B2C3D4E5-F6A7-5B6C-9D0E-1F2A3B4C5D6E}.Release|Any CPU.ActiveCfg = Release|Any CPU
		{B2C3D4E5-F6A7-5B6C-9D0E-1F2A3B4C5D6E}.Release|Any CPU.Build.0 = Release|Any CPU
		{C3D4E5F6-A7B8-6C7D-0E1F-2A3B4C5D6E7F}.Debug|Any CPU.ActiveCfg = Debug|Any CPU
		{C3D4E5F6-A7B8-6C7D-0E1F-2A3B4C5D6E7F}.Debug|Any CPU.Build.0 = Debug|Any CPU
		{C3D4E5F6-A7B8-6C7D-0E1F-2A3B4C5D6E7F}.Release|Any CPU.ActiveCfg = Release|Any CPU
		{C3D4E5F6-A7B8-6C7D-0E1F-2A3B4C5D6E7F}.Release|Any CPU.Build.0 = Release|Any CPU
		{D4E5F6A7-B8C9-7D8E-1F20-3B4C5D6E7F80}.Debug|Any CPU.ActiveCfg = Debug|Any CPU
		{D4E5F6A7-B8C9-7D8E-1F20-3B4C5D6E7F80}.Debug|Any CPU.Build.0 = Debug|Any CPU
		{D4E5F6A7-B8C9-7D8E-1F20-3B4C5D6E7F80}.Release|Any CPU.ActiveCfg = Release|Any CPU
		{D4E5F6A7-B8C9-7D8E-1F20-3B4C5D6E7F80}.Release|Any CPU.Build.0 = Release|Any CPU
		{E5F6A7B8-C9D0-8E9F-2031-4C5D6E7F8091}.Debug|Any CPU.ActiveCfg = Debug|Any CPU
		{E5F6A7B8-C9D0-8E9F-2031-4C5D6E7F8091}.Debug|Any CPU.Build.0 = Debug|Any CPU
		{E5F6A7B8-C9D0-8E9F-2031-4C5D6E7F8091}.Release|Any CPU.ActiveCfg = Release|Any CPU
		{E5F6A7B8-C9D0-8E9F-2031-4C5D6E7F8091}.Release|Any CPU.Build.0 = Release|Any CPU
		{F6A7B8C9-D0E1-9F00-3142-5D6E7F809102}.Debug|Any CPU.ActiveCfg = Debug|Any CPU
		{F6A7B8C9-D0E1-9F00-3142-5D6E7F809102}.Debug|Any CPU.Build.0 = Debug|Any CPU
		{F6A7B8C9-D0E1-9F00-3142-5D6E7F809102}.Release|Any CPU.ActiveCfg = Release|Any CPU
		{F6A7B8C9-D0E1-9F00-3142-5D6E7F809102}.Release|Any CPU.Build.0 = Release|Any CPU
		{11112222-3333-4444-5555-666677778888}.Debug|Any CPU.ActiveCfg = Debug|Any CPU
		{11112222-3333-4444-5555-666677778888}.Debug|Any CPU.Build.0 = Debug|Any CPU
		{11112222-3333-4444-5555-666677778888}.Release|Any CPU.ActiveCfg = Release|Any CPU
		{11112222-3333-4444-5555-666677778888}.Release|Any CPU.Build.0 = Release|Any CPU
		{22223333-4444-5555-6666-777788889999}.Debug|Any CPU.ActiveCfg = Debug|Any CPU
		{22223333-4444-5555-6666-777788889999}.Debug|Any CPU.Build.0 = Debug|Any CPU
		{22223333-4444-5555-6666-777788889999}.Release|Any CPU.ActiveCfg = Release|Any CPU
		{22223333-4444-5555-6666-777788889999}.Release|Any CPU.Build.0 = Release|Any CPU
		{33334444-5555-6666-7777-888899990000}.Debug|Any CPU.ActiveCfg = Debug|Any CPU
		{33334444-5555-6666-7777-888899990000}.Debug|Any CPU.Build.0 = Debug|Any CPU
		{33334444-5555-6666-7777-888899990000}.Release|Any CPU.ActiveCfg = Release|Any CPU
		{33334444-5555-6666-7777-888899990000}.Release|Any CPU.Build.0 = Release|Any CPU
	EndGlobalSection
	GlobalSection(SolutionProperties) = preSolution
		HideSolutionNode = FALSE
	EndGlobalSection
	GlobalSection(NestedProjects) = preSolution
		{A1B2C3D4-E5F6-4A5B-8C9D-0E1F2A3B4C5D} = {11111111-1111-1111-1111-111111111111}
		{B2C3D4E5-F6A7-5B6C-9D0E-1F2A3B4C5D6E} = {11111111-1111-1111-1111-111111111111}
		{C3D4E5F6-A7B8-6C7D-0E1F-2A3B4C5D6E7F} = {11111111-1111-1111-1111-111111111111}
		{D4E5F6A7-B8C9-7D8E-1F20-3B4C5D6E7F80} = {11111111-1111-1111-1111-111111111111}
		{E5F6A7B8-C9D0-8E9F-2031-4C5D6E7F8091} = {11111111-1111-1111-1111-111111111111}
		{F6A7B8C9-D0E1-9F00-3142-5D6E7F809102} = {11111111-1111-1111-1111-111111111111}
		{11112222-3333-4444-5555-666677778888} = {22222222-2222-2222-2222-222222222222}
		{22223333-4444-5555-6666-777788889999} = {22222222-2222-2222-2222-222222222222}
		{33334444-5555-6666-7777-888899990000} = {22222222-2222-2222-2222-222222222222}
	EndGlobalSection
	GlobalSection(ExtensibilityGlobals) = postSolution
		SolutionGuid = {12345678-1234-1234-1234-123456789012}
	EndGlobalSection
EndGlobal
